// !$*UTF8*$!
{
	archiveVersion = 1;
	classes = {
	};
	objectVersion = 55;
	objects = {

/* Begin PBXBuildFile section */
		3306A3BA299410CB00C2387D /* Khand-SemiBold.ttf in Resources */ = {isa = PBXBuildFile; fileRef = 3306A3B9299410CB00C2387D /* Khand-SemiBold.ttf */; };
		3306A3BE299411FD00C2387D /* Inter-Bold.ttf in Resources */ = {isa = PBXBuildFile; fileRef = 3306A3BD299411FD00C2387D /* Inter-Bold.ttf */; };
		3306A3C02994123D00C2387D /* Inter-Regular.ttf in Resources */ = {isa = PBXBuildFile; fileRef = 3306A3BF2994123D00C2387D /* Inter-Regular.ttf */; };
		3306EAED2991730100427606 /* RegisterView.swift in Sources */ = {isa = PBXBuildFile; fileRef = 3306EAEC2991730100427606 /* RegisterView.swift */; };
		3306EAF2299174D500427606 /* LoginView.swift in Sources */ = {isa = PBXBuildFile; fileRef = 3306EAF1299174D500427606 /* LoginView.swift */; };
		3306EAF42991755D00427606 /* RegisterViewModel.swift in Sources */ = {isa = PBXBuildFile; fileRef = 3306EAF32991755D00427606 /* RegisterViewModel.swift */; };
		3306EAF7299176B600427606 /* HomeView.swift in Sources */ = {isa = PBXBuildFile; fileRef = 3306EAF6299176B600427606 /* HomeView.swift */; };
		330832CA2971CDF100CA9EA8 /* FindMyBurgerApp.swift in Sources */ = {isa = PBXBuildFile; fileRef = 330832C92971CDF100CA9EA8 /* FindMyBurgerApp.swift */; };
		330832CC2971CDF100CA9EA8 /* ContentView.swift in Sources */ = {isa = PBXBuildFile; fileRef = 330832CB2971CDF100CA9EA8 /* ContentView.swift */; };
		330832CE2971CDF300CA9EA8 /* Assets.xcassets in Resources */ = {isa = PBXBuildFile; fileRef = 330832CD2971CDF300CA9EA8 /* Assets.xcassets */; };
		330832D12971CDF300CA9EA8 /* Preview Assets.xcassets in Resources */ = {isa = PBXBuildFile; fileRef = 330832D02971CDF300CA9EA8 /* Preview Assets.xcassets */; };
		33CD3C2D2992E2B400C0C1DE /* CustomTexfield.swift in Sources */ = {isa = PBXBuildFile; fileRef = 33CD3C2C2992E2B400C0C1DE /* CustomTexfield.swift */; };
		33DA5E3F29955A07003DEFD2 /* NetworkHelper.swift in Sources */ = {isa = PBXBuildFile; fileRef = 33DA5E3E29955A07003DEFD2 /* NetworkHelper.swift */; };
		33DA5E4129957EC5003DEFD2 /* LoginResponseModel.swift in Sources */ = {isa = PBXBuildFile; fileRef = 33DA5E4029957EC5003DEFD2 /* LoginResponseModel.swift */; };
		33E1637F2991807A00CE6D89 /* Logos.swift in Sources */ = {isa = PBXBuildFile; fileRef = 33E1637E2991807A00CE6D89 /* Logos.swift */; };
		33E16381299180AE00CE6D89 /* CustomBackgrounds.swift in Sources */ = {isa = PBXBuildFile; fileRef = 33E16380299180AE00CE6D89 /* CustomBackgrounds.swift */; };
		33E16383299180D100CE6D89 /* CustomTexts.swift in Sources */ = {isa = PBXBuildFile; fileRef = 33E16382299180D100CE6D89 /* CustomTexts.swift */; };
		33E163852991883F00CE6D89 /* LoginViewModel.swift in Sources */ = {isa = PBXBuildFile; fileRef = 33E163842991883F00CE6D89 /* LoginViewModel.swift */; };
		90C4EEC029969D320011B056 /* RegisterResponseModel.swift in Sources */ = {isa = PBXBuildFile; fileRef = 90C4EEBF29969D320011B056 /* RegisterResponseModel.swift */; };
		90E7547E299BE7F0006D581B /* SendEmailViewModel.swift in Sources */ = {isa = PBXBuildFile; fileRef = 90E7547D299BE7F0006D581B /* SendEmailViewModel.swift */; };
		90E75480299BECB4006D581B /* SendEmailResponseModel.swift in Sources */ = {isa = PBXBuildFile; fileRef = 90E7547F299BECB4006D581B /* SendEmailResponseModel.swift */; };
		90E75482299BEDBE006D581B /* ChangePassViewModel.swift in Sources */ = {isa = PBXBuildFile; fileRef = 90E75481299BEDBE006D581B /* ChangePassViewModel.swift */; };
		90E75484299BF018006D581B /* UpdateDataResponseModel.swift in Sources */ = {isa = PBXBuildFile; fileRef = 90E75483299BF018006D581B /* UpdateDataResponseModel.swift */; };
/* End PBXBuildFile section */

/* Begin PBXFileReference section */
		3306A3B529940DF900C2387D /* Info.plist */ = {isa = PBXFileReference; lastKnownFileType = text.plist; path = Info.plist; sourceTree = "<group>"; };
		3306A3B9299410CB00C2387D /* Khand-SemiBold.ttf */ = {isa = PBXFileReference; lastKnownFileType = file; path = "Khand-SemiBold.ttf"; sourceTree = "<group>"; };
		3306A3BD299411FD00C2387D /* Inter-Bold.ttf */ = {isa = PBXFileReference; lastKnownFileType = file; path = "Inter-Bold.ttf"; sourceTree = "<group>"; };
		3306A3BF2994123D00C2387D /* Inter-Regular.ttf */ = {isa = PBXFileReference; lastKnownFileType = file; path = "Inter-Regular.ttf"; sourceTree = "<group>"; };
		3306EAEC2991730100427606 /* RegisterView.swift */ = {isa = PBXFileReference; lastKnownFileType = sourcecode.swift; path = RegisterView.swift; sourceTree = "<group>"; };
		3306EAF1299174D500427606 /* LoginView.swift */ = {isa = PBXFileReference; lastKnownFileType = sourcecode.swift; path = LoginView.swift; sourceTree = "<group>"; };
		3306EAF32991755D00427606 /* RegisterViewModel.swift */ = {isa = PBXFileReference; lastKnownFileType = sourcecode.swift; path = RegisterViewModel.swift; sourceTree = "<group>"; };
		3306EAF6299176B600427606 /* HomeView.swift */ = {isa = PBXFileReference; lastKnownFileType = sourcecode.swift; path = HomeView.swift; sourceTree = "<group>"; };
		330832C62971CDF100CA9EA8 /* FindMyBurger.app */ = {isa = PBXFileReference; explicitFileType = wrapper.application; includeInIndex = 0; path = FindMyBurger.app; sourceTree = BUILT_PRODUCTS_DIR; };
		330832C92971CDF100CA9EA8 /* FindMyBurgerApp.swift */ = {isa = PBXFileReference; lastKnownFileType = sourcecode.swift; path = FindMyBurgerApp.swift; sourceTree = "<group>"; };
		330832CB2971CDF100CA9EA8 /* ContentView.swift */ = {isa = PBXFileReference; lastKnownFileType = sourcecode.swift; path = ContentView.swift; sourceTree = "<group>"; };
		330832CD2971CDF300CA9EA8 /* Assets.xcassets */ = {isa = PBXFileReference; lastKnownFileType = folder.assetcatalog; path = Assets.xcassets; sourceTree = "<group>"; };
		330832D02971CDF300CA9EA8 /* Preview Assets.xcassets */ = {isa = PBXFileReference; lastKnownFileType = folder.assetcatalog; path = "Preview Assets.xcassets"; sourceTree = "<group>"; };
		33CD3C2C2992E2B400C0C1DE /* CustomTexfield.swift */ = {isa = PBXFileReference; lastKnownFileType = sourcecode.swift; path = CustomTexfield.swift; sourceTree = "<group>"; };
		33DA5E3E29955A07003DEFD2 /* NetworkHelper.swift */ = {isa = PBXFileReference; lastKnownFileType = sourcecode.swift; path = NetworkHelper.swift; sourceTree = "<group>"; };
		33DA5E4029957EC5003DEFD2 /* LoginResponseModel.swift */ = {isa = PBXFileReference; lastKnownFileType = sourcecode.swift; path = LoginResponseModel.swift; sourceTree = "<group>"; };
		33E1637E2991807A00CE6D89 /* Logos.swift */ = {isa = PBXFileReference; lastKnownFileType = sourcecode.swift; path = Logos.swift; sourceTree = "<group>"; };
		33E16380299180AE00CE6D89 /* CustomBackgrounds.swift */ = {isa = PBXFileReference; lastKnownFileType = sourcecode.swift; path = CustomBackgrounds.swift; sourceTree = "<group>"; };
		33E16382299180D100CE6D89 /* CustomTexts.swift */ = {isa = PBXFileReference; lastKnownFileType = sourcecode.swift; path = CustomTexts.swift; sourceTree = "<group>"; };
		33E163842991883F00CE6D89 /* LoginViewModel.swift */ = {isa = PBXFileReference; lastKnownFileType = sourcecode.swift; path = LoginViewModel.swift; sourceTree = "<group>"; };
		90C4EEBF29969D320011B056 /* RegisterResponseModel.swift */ = {isa = PBXFileReference; lastKnownFileType = sourcecode.swift; path = RegisterResponseModel.swift; sourceTree = "<group>"; };
		90E7547D299BE7F0006D581B /* SendEmailViewModel.swift */ = {isa = PBXFileReference; lastKnownFileType = sourcecode.swift; path = SendEmailViewModel.swift; sourceTree = "<group>"; };
		90E7547F299BECB4006D581B /* SendEmailResponseModel.swift */ = {isa = PBXFileReference; lastKnownFileType = sourcecode.swift; path = SendEmailResponseModel.swift; sourceTree = "<group>"; };
		90E75481299BEDBE006D581B /* ChangePassViewModel.swift */ = {isa = PBXFileReference; lastKnownFileType = sourcecode.swift; path = ChangePassViewModel.swift; sourceTree = "<group>"; };
		90E75483299BF018006D581B /* UpdateDataResponseModel.swift */ = {isa = PBXFileReference; lastKnownFileType = sourcecode.swift; path = UpdateDataResponseModel.swift; sourceTree = "<group>"; };
/* End PBXFileReference section */

/* Begin PBXFrameworksBuildPhase section */
		330832C32971CDF100CA9EA8 /* Frameworks */ = {
			isa = PBXFrameworksBuildPhase;
			buildActionMask = 2147483647;
			files = (
			);
			runOnlyForDeploymentPostprocessing = 0;
		};
/* End PBXFrameworksBuildPhase section */

/* Begin PBXGroup section */
		3306A3B629940E5A00C2387D /* Fonts */ = {
			isa = PBXGroup;
			children = (
				3306A3B9299410CB00C2387D /* Khand-SemiBold.ttf */,
				3306A3BD299411FD00C2387D /* Inter-Bold.ttf */,
				3306A3BF2994123D00C2387D /* Inter-Regular.ttf */,
			);
			path = Fonts;
			sourceTree = "<group>";
		};
		3306EAE9299171F500427606 /* Models */ = {
			isa = PBXGroup;
			children = (
			);
			path = Models;
			sourceTree = "<group>";
		};
		3306EAEA2991721200427606 /* Views */ = {
			isa = PBXGroup;
			children = (
				90E7547A299BE755006D581B /* RecoverPass */,
				3306EAF5299176AA00427606 /* Home */,
				3306EAF0299174CA00427606 /* Login */,
				3306EAEB299172F100427606 /* Register */,
			);
			path = Views;
			sourceTree = "<group>";
		};
		3306EAEB299172F100427606 /* Register */ = {
			isa = PBXGroup;
			children = (
				3306EAF32991755D00427606 /* RegisterViewModel.swift */,
				3306EAEC2991730100427606 /* RegisterView.swift */,
			);
			path = Register;
			sourceTree = "<group>";
		};
		3306EAF0299174CA00427606 /* Login */ = {
			isa = PBXGroup;
			children = (
				3306EAF1299174D500427606 /* LoginView.swift */,
				33E163842991883F00CE6D89 /* LoginViewModel.swift */,
			);
			path = Login;
			sourceTree = "<group>";
		};
		3306EAF5299176AA00427606 /* Home */ = {
			isa = PBXGroup;
			children = (
				3306EAF6299176B600427606 /* HomeView.swift */,
			);
			path = Home;
			sourceTree = "<group>";
		};
		330832BD2971CDF100CA9EA8 = {
			isa = PBXGroup;
			children = (
				330832C82971CDF100CA9EA8 /* FindMyBurger */,
				330832C72971CDF100CA9EA8 /* Products */,
			);
			sourceTree = "<group>";
		};
		330832C72971CDF100CA9EA8 /* Products */ = {
			isa = PBXGroup;
			children = (
				330832C62971CDF100CA9EA8 /* FindMyBurger.app */,
			);
			name = Products;
			sourceTree = "<group>";
		};
		330832C82971CDF100CA9EA8 /* FindMyBurger */ = {
			isa = PBXGroup;
			children = (
				3306A3B529940DF900C2387D /* Info.plist */,
				33E1637B29917FCE00CE6D89 /* Common */,
				33E1637829917F7300CE6D89 /* Presentation */,
				33E1637929917FAC00CE6D89 /* Data */,
				330832CB2971CDF100CA9EA8 /* ContentView.swift */,
			);
			path = FindMyBurger;
			sourceTree = "<group>";
		};
		330832CF2971CDF300CA9EA8 /* Preview Content */ = {
			isa = PBXGroup;
			children = (
				330832D02971CDF300CA9EA8 /* Preview Assets.xcassets */,
			);
			path = "Preview Content";
			sourceTree = "<group>";
		};
		33DA5E3D299559F7003DEFD2 /* Network */ = {
			isa = PBXGroup;
			children = (
				33DA5E3E29955A07003DEFD2 /* NetworkHelper.swift */,
			);
			path = Network;
			sourceTree = "<group>";
		};
		33E1637829917F7300CE6D89 /* Presentation */ = {
			isa = PBXGroup;
			children = (
				33E1637D2991805000CE6D89 /* Components */,
				330832C92971CDF100CA9EA8 /* FindMyBurgerApp.swift */,
				3306EAE9299171F500427606 /* Models */,
				3306EAEA2991721200427606 /* Views */,
			);
			path = Presentation;
			sourceTree = "<group>";
		};
		33E1637929917FAC00CE6D89 /* Data */ = {
			isa = PBXGroup;
			children = (
				33DA5E3D299559F7003DEFD2 /* Network */,
				33E1637A29917FB800CE6D89 /* Models */,
			);
			path = Data;
			sourceTree = "<group>";
		};
		33E1637A29917FB800CE6D89 /* Models */ = {
			isa = PBXGroup;
			children = (
				33DA5E4029957EC5003DEFD2 /* LoginResponseModel.swift */,
				90C4EEBF29969D320011B056 /* RegisterResponseModel.swift */,
				90E7547F299BECB4006D581B /* SendEmailResponseModel.swift */,
				90E75483299BF018006D581B /* UpdateDataResponseModel.swift */,
			);
			path = Models;
			sourceTree = "<group>";
		};
		33E1637B29917FCE00CE6D89 /* Common */ = {
			isa = PBXGroup;
			children = (
				33E1637C29917FD500CE6D89 /* Resources */,
			);
			path = Common;
			sourceTree = "<group>";
		};
		33E1637C29917FD500CE6D89 /* Resources */ = {
			isa = PBXGroup;
			children = (
				3306A3B629940E5A00C2387D /* Fonts */,
				330832CF2971CDF300CA9EA8 /* Preview Content */,
				330832CD2971CDF300CA9EA8 /* Assets.xcassets */,
			);
			path = Resources;
			sourceTree = "<group>";
		};
		33E1637D2991805000CE6D89 /* Components */ = {
			isa = PBXGroup;
			children = (
				33E1637E2991807A00CE6D89 /* Logos.swift */,
				33E16380299180AE00CE6D89 /* CustomBackgrounds.swift */,
				33E16382299180D100CE6D89 /* CustomTexts.swift */,
				33CD3C2C2992E2B400C0C1DE /* CustomTexfield.swift */,
			);
			path = Components;
			sourceTree = "<group>";
		};
		90E7547A299BE755006D581B /* RecoverPass */ = {
			isa = PBXGroup;
			children = (
				90E7547D299BE7F0006D581B /* SendEmailViewModel.swift */,
				90E75481299BEDBE006D581B /* ChangePassViewModel.swift */,
			);
			path = RecoverPass;
			sourceTree = "<group>";
		};
/* End PBXGroup section */

/* Begin PBXNativeTarget section */
		330832C52971CDF100CA9EA8 /* FindMyBurger */ = {
			isa = PBXNativeTarget;
			buildConfigurationList = 330832D42971CDF300CA9EA8 /* Build configuration list for PBXNativeTarget "FindMyBurger" */;
			buildPhases = (
				330832C22971CDF100CA9EA8 /* Sources */,
				330832C32971CDF100CA9EA8 /* Frameworks */,
				330832C42971CDF100CA9EA8 /* Resources */,
			);
			buildRules = (
			);
			dependencies = (
			);
			name = FindMyBurger;
			productName = FindMyBurger;
			productReference = 330832C62971CDF100CA9EA8 /* FindMyBurger.app */;
			productType = "com.apple.product-type.application";
		};
/* End PBXNativeTarget section */

/* Begin PBXProject section */
		330832BE2971CDF100CA9EA8 /* Project object */ = {
			isa = PBXProject;
			attributes = {
				BuildIndependentTargetsInParallel = 1;
				LastSwiftUpdateCheck = 1340;
				LastUpgradeCheck = 1340;
				TargetAttributes = {
					330832C52971CDF100CA9EA8 = {
						CreatedOnToolsVersion = 13.4.1;
					};
				};
			};
			buildConfigurationList = 330832C12971CDF100CA9EA8 /* Build configuration list for PBXProject "FindMyBurger" */;
			compatibilityVersion = "Xcode 13.0";
			developmentRegion = en;
			hasScannedForEncodings = 0;
			knownRegions = (
				en,
				Base,
			);
			mainGroup = 330832BD2971CDF100CA9EA8;
			productRefGroup = 330832C72971CDF100CA9EA8 /* Products */;
			projectDirPath = "";
			projectRoot = "";
			targets = (
				330832C52971CDF100CA9EA8 /* FindMyBurger */,
			);
		};
/* End PBXProject section */

/* Begin PBXResourcesBuildPhase section */
		330832C42971CDF100CA9EA8 /* Resources */ = {
			isa = PBXResourcesBuildPhase;
			buildActionMask = 2147483647;
			files = (
				3306A3BE299411FD00C2387D /* Inter-Bold.ttf in Resources */,
				3306A3C02994123D00C2387D /* Inter-Regular.ttf in Resources */,
				330832D12971CDF300CA9EA8 /* Preview Assets.xcassets in Resources */,
				330832CE2971CDF300CA9EA8 /* Assets.xcassets in Resources */,
				3306A3BA299410CB00C2387D /* Khand-SemiBold.ttf in Resources */,
			);
			runOnlyForDeploymentPostprocessing = 0;
		};
/* End PBXResourcesBuildPhase section */

/* Begin PBXSourcesBuildPhase section */
		330832C22971CDF100CA9EA8 /* Sources */ = {
			isa = PBXSourcesBuildPhase;
			buildActionMask = 2147483647;
			files = (
				90E75482299BEDBE006D581B /* ChangePassViewModel.swift in Sources */,
				33E16381299180AE00CE6D89 /* CustomBackgrounds.swift in Sources */,
				3306EAF7299176B600427606 /* HomeView.swift in Sources */,
				33E1637F2991807A00CE6D89 /* Logos.swift in Sources */,
				90E75480299BECB4006D581B /* SendEmailResponseModel.swift in Sources */,
				33DA5E4129957EC5003DEFD2 /* LoginResponseModel.swift in Sources */,
				3306EAF42991755D00427606 /* RegisterViewModel.swift in Sources */,
				33DA5E3F29955A07003DEFD2 /* NetworkHelper.swift in Sources */,
				3306EAED2991730100427606 /* RegisterView.swift in Sources */,
				90C4EEC029969D320011B056 /* RegisterResponseModel.swift in Sources */,
				33CD3C2D2992E2B400C0C1DE /* CustomTexfield.swift in Sources */,
				330832CC2971CDF100CA9EA8 /* ContentView.swift in Sources */,
				3306EAF2299174D500427606 /* LoginView.swift in Sources */,
				90E75484299BF018006D581B /* UpdateDataResponseModel.swift in Sources */,
				330832CA2971CDF100CA9EA8 /* FindMyBurgerApp.swift in Sources */,
				90E7547E299BE7F0006D581B /* SendEmailViewModel.swift in Sources */,
				33E163852991883F00CE6D89 /* LoginViewModel.swift in Sources */,
				33E16383299180D100CE6D89 /* CustomTexts.swift in Sources */,
				90C4EEC7299BDFE00011B056 /* RecoverPassView.swift in Sources */,
			);
			runOnlyForDeploymentPostprocessing = 0;
		};
/* End PBXSourcesBuildPhase section */

/* Begin XCBuildConfiguration section */
		330832D22971CDF300CA9EA8 /* Debug */ = {
			isa = XCBuildConfiguration;
			buildSettings = {
				ALWAYS_SEARCH_USER_PATHS = NO;
				CLANG_ANALYZER_NONNULL = YES;
				CLANG_ANALYZER_NUMBER_OBJECT_CONVERSION = YES_AGGRESSIVE;
				CLANG_CXX_LANGUAGE_STANDARD = "gnu++17";
				CLANG_ENABLE_MODULES = YES;
				CLANG_ENABLE_OBJC_ARC = YES;
				CLANG_ENABLE_OBJC_WEAK = YES;
				CLANG_WARN_BLOCK_CAPTURE_AUTORELEASING = YES;
				CLANG_WARN_BOOL_CONVERSION = YES;
				CLANG_WARN_COMMA = YES;
				CLANG_WARN_CONSTANT_CONVERSION = YES;
				CLANG_WARN_DEPRECATED_OBJC_IMPLEMENTATIONS = YES;
				CLANG_WARN_DIRECT_OBJC_ISA_USAGE = YES_ERROR;
				CLANG_WARN_DOCUMENTATION_COMMENTS = YES;
				CLANG_WARN_EMPTY_BODY = YES;
				CLANG_WARN_ENUM_CONVERSION = YES;
				CLANG_WARN_INFINITE_RECURSION = YES;
				CLANG_WARN_INT_CONVERSION = YES;
				CLANG_WARN_NON_LITERAL_NULL_CONVERSION = YES;
				CLANG_WARN_OBJC_IMPLICIT_RETAIN_SELF = YES;
				CLANG_WARN_OBJC_LITERAL_CONVERSION = YES;
				CLANG_WARN_OBJC_ROOT_CLASS = YES_ERROR;
				CLANG_WARN_QUOTED_INCLUDE_IN_FRAMEWORK_HEADER = YES;
				CLANG_WARN_RANGE_LOOP_ANALYSIS = YES;
				CLANG_WARN_STRICT_PROTOTYPES = YES;
				CLANG_WARN_SUSPICIOUS_MOVE = YES;
				CLANG_WARN_UNGUARDED_AVAILABILITY = YES_AGGRESSIVE;
				CLANG_WARN_UNREACHABLE_CODE = YES;
				CLANG_WARN__DUPLICATE_METHOD_MATCH = YES;
				COPY_PHASE_STRIP = NO;
				DEBUG_INFORMATION_FORMAT = dwarf;
				ENABLE_STRICT_OBJC_MSGSEND = YES;
				ENABLE_TESTABILITY = YES;
				GCC_C_LANGUAGE_STANDARD = gnu11;
				GCC_DYNAMIC_NO_PIC = NO;
				GCC_NO_COMMON_BLOCKS = YES;
				GCC_OPTIMIZATION_LEVEL = 0;
				GCC_PREPROCESSOR_DEFINITIONS = (
					"DEBUG=1",
					"$(inherited)",
				);
				GCC_WARN_64_TO_32_BIT_CONVERSION = YES;
				GCC_WARN_ABOUT_RETURN_TYPE = YES_ERROR;
				GCC_WARN_UNDECLARED_SELECTOR = YES;
				GCC_WARN_UNINITIALIZED_AUTOS = YES_AGGRESSIVE;
				GCC_WARN_UNUSED_FUNCTION = YES;
				GCC_WARN_UNUSED_VARIABLE = YES;
				IPHONEOS_DEPLOYMENT_TARGET = 15.5;
				MTL_ENABLE_DEBUG_INFO = INCLUDE_SOURCE;
				MTL_FAST_MATH = YES;
				ONLY_ACTIVE_ARCH = YES;
				SDKROOT = iphoneos;
				SWIFT_ACTIVE_COMPILATION_CONDITIONS = DEBUG;
				SWIFT_OPTIMIZATION_LEVEL = "-Onone";
			};
			name = Debug;
		};
		330832D32971CDF300CA9EA8 /* Release */ = {
			isa = XCBuildConfiguration;
			buildSettings = {
				ALWAYS_SEARCH_USER_PATHS = NO;
				CLANG_ANALYZER_NONNULL = YES;
				CLANG_ANALYZER_NUMBER_OBJECT_CONVERSION = YES_AGGRESSIVE;
				CLANG_CXX_LANGUAGE_STANDARD = "gnu++17";
				CLANG_ENABLE_MODULES = YES;
				CLANG_ENABLE_OBJC_ARC = YES;
				CLANG_ENABLE_OBJC_WEAK = YES;
				CLANG_WARN_BLOCK_CAPTURE_AUTORELEASING = YES;
				CLANG_WARN_BOOL_CONVERSION = YES;
				CLANG_WARN_COMMA = YES;
				CLANG_WARN_CONSTANT_CONVERSION = YES;
				CLANG_WARN_DEPRECATED_OBJC_IMPLEMENTATIONS = YES;
				CLANG_WARN_DIRECT_OBJC_ISA_USAGE = YES_ERROR;
				CLANG_WARN_DOCUMENTATION_COMMENTS = YES;
				CLANG_WARN_EMPTY_BODY = YES;
				CLANG_WARN_ENUM_CONVERSION = YES;
				CLANG_WARN_INFINITE_RECURSION = YES;
				CLANG_WARN_INT_CONVERSION = YES;
				CLANG_WARN_NON_LITERAL_NULL_CONVERSION = YES;
				CLANG_WARN_OBJC_IMPLICIT_RETAIN_SELF = YES;
				CLANG_WARN_OBJC_LITERAL_CONVERSION = YES;
				CLANG_WARN_OBJC_ROOT_CLASS = YES_ERROR;
				CLANG_WARN_QUOTED_INCLUDE_IN_FRAMEWORK_HEADER = YES;
				CLANG_WARN_RANGE_LOOP_ANALYSIS = YES;
				CLANG_WARN_STRICT_PROTOTYPES = YES;
				CLANG_WARN_SUSPICIOUS_MOVE = YES;
				CLANG_WARN_UNGUARDED_AVAILABILITY = YES_AGGRESSIVE;
				CLANG_WARN_UNREACHABLE_CODE = YES;
				CLANG_WARN__DUPLICATE_METHOD_MATCH = YES;
				COPY_PHASE_STRIP = NO;
				DEBUG_INFORMATION_FORMAT = "dwarf-with-dsym";
				ENABLE_NS_ASSERTIONS = NO;
				ENABLE_STRICT_OBJC_MSGSEND = YES;
				GCC_C_LANGUAGE_STANDARD = gnu11;
				GCC_NO_COMMON_BLOCKS = YES;
				GCC_WARN_64_TO_32_BIT_CONVERSION = YES;
				GCC_WARN_ABOUT_RETURN_TYPE = YES_ERROR;
				GCC_WARN_UNDECLARED_SELECTOR = YES;
				GCC_WARN_UNINITIALIZED_AUTOS = YES_AGGRESSIVE;
				GCC_WARN_UNUSED_FUNCTION = YES;
				GCC_WARN_UNUSED_VARIABLE = YES;
				IPHONEOS_DEPLOYMENT_TARGET = 15.5;
				MTL_ENABLE_DEBUG_INFO = NO;
				MTL_FAST_MATH = YES;
				SDKROOT = iphoneos;
				SWIFT_COMPILATION_MODE = wholemodule;
				SWIFT_OPTIMIZATION_LEVEL = "-O";
				VALIDATE_PRODUCT = YES;
			};
			name = Release;
		};
		330832D52971CDF300CA9EA8 /* Debug */ = {
			isa = XCBuildConfiguration;
			buildSettings = {
				ASSETCATALOG_COMPILER_APPICON_NAME = AppIcon;
				ASSETCATALOG_COMPILER_GLOBAL_ACCENT_COLOR_NAME = AccentColor;
				CODE_SIGN_STYLE = Automatic;
				CURRENT_PROJECT_VERSION = 1;
				DEVELOPMENT_TEAM = H8ZVN55RGH;
				ENABLE_PREVIEWS = YES;
				GENERATE_INFOPLIST_FILE = YES;
				INFOPLIST_FILE = FindMyBurger/Info.plist;
				INFOPLIST_KEY_UIApplicationSceneManifest_Generation = YES;
				INFOPLIST_KEY_UIApplicationSupportsIndirectInputEvents = YES;
				INFOPLIST_KEY_UILaunchScreen_Generation = YES;
				INFOPLIST_KEY_UISupportedInterfaceOrientations_iPad = "UIInterfaceOrientationPortrait UIInterfaceOrientationPortraitUpsideDown UIInterfaceOrientationLandscapeLeft UIInterfaceOrientationLandscapeRight";
				INFOPLIST_KEY_UISupportedInterfaceOrientations_iPhone = "UIInterfaceOrientationPortrait UIInterfaceOrientationLandscapeLeft UIInterfaceOrientationLandscapeRight";
				LD_RUNPATH_SEARCH_PATHS = (
					"$(inherited)",
					"@executable_path/Frameworks",
				);
				MARKETING_VERSION = 1.0;
				PRODUCT_BUNDLE_IDENTIFIER = FMB.FindMyBurger;
				PRODUCT_NAME = "$(TARGET_NAME)";
				SWIFT_EMIT_LOC_STRINGS = YES;
				SWIFT_VERSION = 5.0;
				TARGETED_DEVICE_FAMILY = "1,2";
			};
			name = Debug;
		};
		330832D62971CDF300CA9EA8 /* Release */ = {
			isa = XCBuildConfiguration;
			buildSettings = {
				ASSETCATALOG_COMPILER_APPICON_NAME = AppIcon;
				ASSETCATALOG_COMPILER_GLOBAL_ACCENT_COLOR_NAME = AccentColor;
				CODE_SIGN_STYLE = Automatic;
				CURRENT_PROJECT_VERSION = 1;
				DEVELOPMENT_TEAM = H8ZVN55RGH;
				ENABLE_PREVIEWS = YES;
				GENERATE_INFOPLIST_FILE = YES;
				INFOPLIST_FILE = FindMyBurger/Info.plist;
				INFOPLIST_KEY_UIApplicationSceneManifest_Generation = YES;
				INFOPLIST_KEY_UIApplicationSupportsIndirectInputEvents = YES;
				INFOPLIST_KEY_UILaunchScreen_Generation = YES;
				INFOPLIST_KEY_UISupportedInterfaceOrientations_iPad = "UIInterfaceOrientationPortrait UIInterfaceOrientationPortraitUpsideDown UIInterfaceOrientationLandscapeLeft UIInterfaceOrientationLandscapeRight";
				INFOPLIST_KEY_UISupportedInterfaceOrientations_iPhone = "UIInterfaceOrientationPortrait UIInterfaceOrientationLandscapeLeft UIInterfaceOrientationLandscapeRight";
				LD_RUNPATH_SEARCH_PATHS = (
					"$(inherited)",
					"@executable_path/Frameworks",
				);
				MARKETING_VERSION = 1.0;
				PRODUCT_BUNDLE_IDENTIFIER = FMB.FindMyBurger;
				PRODUCT_NAME = "$(TARGET_NAME)";
				SWIFT_EMIT_LOC_STRINGS = YES;
				SWIFT_VERSION = 5.0;
				TARGETED_DEVICE_FAMILY = "1,2";
			};
			name = Release;
		};
/* End XCBuildConfiguration section */

/* Begin XCConfigurationList section */
		330832C12971CDF100CA9EA8 /* Build configuration list for PBXProject "FindMyBurger" */ = {
			isa = XCConfigurationList;
			buildConfigurations = (
				330832D22971CDF300CA9EA8 /* Debug */,
				330832D32971CDF300CA9EA8 /* Release */,
			);
			defaultConfigurationIsVisible = 0;
			defaultConfigurationName = Release;
		};
		330832D42971CDF300CA9EA8 /* Build configuration list for PBXNativeTarget "FindMyBurger" */ = {
			isa = XCConfigurationList;
			buildConfigurations = (
				330832D52971CDF300CA9EA8 /* Debug */,
				330832D62971CDF300CA9EA8 /* Release */,
			);
			defaultConfigurationIsVisible = 0;
			defaultConfigurationName = Release;
		};
/* End XCConfigurationList section */
	};
	rootObject = 330832BE2971CDF100CA9EA8 /* Project object */;
}
